// !$*UTF8*$!
{
	archiveVersion = 1;
	classes = {
	};
	objectVersion = 46;
	objects = {

/* Begin PBXBuildFile section */
		DB1301111CB53AC7007BA381 /* main.m in Sources */ = {isa = PBXBuildFile; fileRef = DB1301101CB53AC7007BA381 /* main.m */; };
		DB1301141CB53AC7007BA381 /* AppDelegate.m in Sources */ = {isa = PBXBuildFile; fileRef = DB1301131CB53AC7007BA381 /* AppDelegate.m */; };
		DB1301171CB53AC7007BA381 /* ViewController.m in Sources */ = {isa = PBXBuildFile; fileRef = DB1301161CB53AC7007BA381 /* ViewController.m */; };
		DB13011A1CB53AC7007BA381 /* Main.storyboard in Resources */ = {isa = PBXBuildFile; fileRef = DB1301181CB53AC7007BA381 /* Main.storyboard */; };
		DB13011C1CB53AC7007BA381 /* Assets.xcassets in Resources */ = {isa = PBXBuildFile; fileRef = DB13011B1CB53AC7007BA381 /* Assets.xcassets */; };
		DB13011F1CB53AC7007BA381 /* LaunchScreen.storyboard in Resources */ = {isa = PBXBuildFile; fileRef = DB13011D1CB53AC7007BA381 /* LaunchScreen.storyboard */; };
		DB13012B1CB53C8F007BA381 /* FaceKey.m in Sources */ = {isa = PBXBuildFile; fileRef = DB13012A1CB53C8F007BA381 /* FaceKey.m */; };
		DB13012D1CB55024007BA381 /* freeios7.com_apple_wallpaper_city-blur_iphone4.jpg in Resources */ = {isa = PBXBuildFile; fileRef = DB13012C1CB55024007BA381 /* freeios7.com_apple_wallpaper_city-blur_iphone4.jpg */; };
		DB13012F1CB5692E007BA381 /* GoogleMobileAds.framework in Frameworks */ = {isa = PBXBuildFile; fileRef = DB13012E1CB5692E007BA381 /* GoogleMobileAds.framework */; };
		DB1301311CB5694F007BA381 /* AdSupport.framework in Frameworks */ = {isa = PBXBuildFile; fileRef = DB1301301CB5694F007BA381 /* AdSupport.framework */; };
		DB1301331CB56958007BA381 /* AudioToolbox.framework in Frameworks */ = {isa = PBXBuildFile; fileRef = DB1301321CB56958007BA381 /* AudioToolbox.framework */; };
		DB1301351CB5695D007BA381 /* AVFoundation.framework in Frameworks */ = {isa = PBXBuildFile; fileRef = DB1301341CB5695D007BA381 /* AVFoundation.framework */; };
		DB1301371CB56968007BA381 /* CoreGraphics.framework in Frameworks */ = {isa = PBXBuildFile; fileRef = DB1301361CB56968007BA381 /* CoreGraphics.framework */; };
		DB1301391CB5696E007BA381 /* CoreMedia.framework in Frameworks */ = {isa = PBXBuildFile; fileRef = DB1301381CB5696E007BA381 /* CoreMedia.framework */; };
		DB13013B1CB56979007BA381 /* CoreTelephony.framework in Frameworks */ = {isa = PBXBuildFile; fileRef = DB13013A1CB56979007BA381 /* CoreTelephony.framework */; };
		DB13013D1CB56984007BA381 /* EventKit.framework in Frameworks */ = {isa = PBXBuildFile; fileRef = DB13013C1CB56984007BA381 /* EventKit.framework */; };
		DB13013F1CB56990007BA381 /* EventKitUI.framework in Frameworks */ = {isa = PBXBuildFile; fileRef = DB13013E1CB56990007BA381 /* EventKitUI.framework */; };
		DB1301411CB5699C007BA381 /* MediaPlayer.framework in Frameworks */ = {isa = PBXBuildFile; fileRef = DB1301401CB5699C007BA381 /* MediaPlayer.framework */; };
		DB1301431CB569A1007BA381 /* MessageUI.framework in Frameworks */ = {isa = PBXBuildFile; fileRef = DB1301421CB569A1007BA381 /* MessageUI.framework */; };
		DB1301451CB569AA007BA381 /* StoreKit.framework in Frameworks */ = {isa = PBXBuildFile; fileRef = DB1301441CB569AA007BA381 /* StoreKit.framework */; };
		DB1301471CB569B0007BA381 /* SystemConfiguration.framework in Frameworks */ = {isa = PBXBuildFile; fileRef = DB1301461CB569B0007BA381 /* SystemConfiguration.framework */; };
/* End PBXBuildFile section */

/* Begin PBXFileReference section */
		DB13010C1CB53AC7007BA381 /* faces.app */ = {isa = PBXFileReference; explicitFileType = wrapper.application; includeInIndex = 0; path = faces.app; sourceTree = BUILT_PRODUCTS_DIR; };
		DB1301101CB53AC7007BA381 /* main.m */ = {isa = PBXFileReference; lastKnownFileType = sourcecode.c.objc; path = main.m; sourceTree = "<group>"; };
		DB1301121CB53AC7007BA381 /* AppDelegate.h */ = {isa = PBXFileReference; lastKnownFileType = sourcecode.c.h; path = AppDelegate.h; sourceTree = "<group>"; };
		DB1301131CB53AC7007BA381 /* AppDelegate.m */ = {isa = PBXFileReference; lastKnownFileType = sourcecode.c.objc; path = AppDelegate.m; sourceTree = "<group>"; };
		DB1301151CB53AC7007BA381 /* ViewController.h */ = {isa = PBXFileReference; lastKnownFileType = sourcecode.c.h; path = ViewController.h; sourceTree = "<group>"; };
		DB1301161CB53AC7007BA381 /* ViewController.m */ = {isa = PBXFileReference; lastKnownFileType = sourcecode.c.objc; path = ViewController.m; sourceTree = "<group>"; };
		DB1301191CB53AC7007BA381 /* Base */ = {isa = PBXFileReference; lastKnownFileType = file.storyboard; name = Base; path = Base.lproj/Main.storyboard; sourceTree = "<group>"; };
		DB13011B1CB53AC7007BA381 /* Assets.xcassets */ = {isa = PBXFileReference; lastKnownFileType = folder.assetcatalog; path = Assets.xcassets; sourceTree = "<group>"; };
		DB13011E1CB53AC7007BA381 /* Base */ = {isa = PBXFileReference; lastKnownFileType = file.storyboard; name = Base; path = Base.lproj/LaunchScreen.storyboard; sourceTree = "<group>"; };
		DB1301201CB53AC7007BA381 /* Info.plist */ = {isa = PBXFileReference; lastKnownFileType = text.plist.xml; path = Info.plist; sourceTree = "<group>"; };
		DB1301291CB53C8F007BA381 /* FaceKey.h */ = {isa = PBXFileReference; fileEncoding = 4; lastKnownFileType = sourcecode.c.h; path = FaceKey.h; sourceTree = "<group>"; };
		DB13012A1CB53C8F007BA381 /* FaceKey.m */ = {isa = PBXFileReference; fileEncoding = 4; lastKnownFileType = sourcecode.c.objc; path = FaceKey.m; sourceTree = "<group>"; };
		DB13012C1CB55024007BA381 /* freeios7.com_apple_wallpaper_city-blur_iphone4.jpg */ = {isa = PBXFileReference; lastKnownFileType = image.jpeg; path = "freeios7.com_apple_wallpaper_city-blur_iphone4.jpg"; sourceTree = "<group>"; };
		DB13012E1CB5692E007BA381 /* GoogleMobileAds.framework */ = {isa = PBXFileReference; lastKnownFileType = wrapper.framework; path = GoogleMobileAds.framework; sourceTree = "<group>"; };
		DB1301301CB5694F007BA381 /* AdSupport.framework */ = {isa = PBXFileReference; lastKnownFileType = wrapper.framework; name = AdSupport.framework; path = System/Library/Frameworks/AdSupport.framework; sourceTree = SDKROOT; };
		DB1301321CB56958007BA381 /* AudioToolbox.framework */ = {isa = PBXFileReference; lastKnownFileType = wrapper.framework; name = AudioToolbox.framework; path = System/Library/Frameworks/AudioToolbox.framework; sourceTree = SDKROOT; };
		DB1301341CB5695D007BA381 /* AVFoundation.framework */ = {isa = PBXFileReference; lastKnownFileType = wrapper.framework; name = AVFoundation.framework; path = System/Library/Frameworks/AVFoundation.framework; sourceTree = SDKROOT; };
		DB1301361CB56968007BA381 /* CoreGraphics.framework */ = {isa = PBXFileReference; lastKnownFileType = wrapper.framework; name = CoreGraphics.framework; path = System/Library/Frameworks/CoreGraphics.framework; sourceTree = SDKROOT; };
		DB1301381CB5696E007BA381 /* CoreMedia.framework */ = {isa = PBXFileReference; lastKnownFileType = wrapper.framework; name = CoreMedia.framework; path = System/Library/Frameworks/CoreMedia.framework; sourceTree = SDKROOT; };
		DB13013A1CB56979007BA381 /* CoreTelephony.framework */ = {isa = PBXFileReference; lastKnownFileType = wrapper.framework; name = CoreTelephony.framework; path = System/Library/Frameworks/CoreTelephony.framework; sourceTree = SDKROOT; };
		DB13013C1CB56984007BA381 /* EventKit.framework */ = {isa = PBXFileReference; lastKnownFileType = wrapper.framework; name = EventKit.framework; path = System/Library/Frameworks/EventKit.framework; sourceTree = SDKROOT; };
		DB13013E1CB56990007BA381 /* EventKitUI.framework */ = {isa = PBXFileReference; lastKnownFileType = wrapper.framework; name = EventKitUI.framework; path = System/Library/Frameworks/EventKitUI.framework; sourceTree = SDKROOT; };
		DB1301401CB5699C007BA381 /* MediaPlayer.framework */ = {isa = PBXFileReference; lastKnownFileType = wrapper.framework; name = MediaPlayer.framework; path = System/Library/Frameworks/MediaPlayer.framework; sourceTree = SDKROOT; };
		DB1301421CB569A1007BA381 /* MessageUI.framework */ = {isa = PBXFileReference; lastKnownFileType = wrapper.framework; name = MessageUI.framework; path = System/Library/Frameworks/MessageUI.framework; sourceTree = SDKROOT; };
		DB1301441CB569AA007BA381 /* StoreKit.framework */ = {isa = PBXFileReference; lastKnownFileType = wrapper.framework; name = StoreKit.framework; path = System/Library/Frameworks/StoreKit.framework; sourceTree = SDKROOT; };
		DB1301461CB569B0007BA381 /* SystemConfiguration.framework */ = {isa = PBXFileReference; lastKnownFileType = wrapper.framework; name = SystemConfiguration.framework; path = System/Library/Frameworks/SystemConfiguration.framework; sourceTree = SDKROOT; };
/* End PBXFileReference section */

/* Begin PBXFrameworksBuildPhase section */
		DB1301091CB53AC7007BA381 /* Frameworks */ = {
			isa = PBXFrameworksBuildPhase;
			buildActionMask = 2147483647;
			files = (
				DB1301471CB569B0007BA381 /* SystemConfiguration.framework in Frameworks */,
				DB1301451CB569AA007BA381 /* StoreKit.framework in Frameworks */,
				DB1301431CB569A1007BA381 /* MessageUI.framework in Frameworks */,
				DB1301411CB5699C007BA381 /* MediaPlayer.framework in Frameworks */,
				DB13013F1CB56990007BA381 /* EventKitUI.framework in Frameworks */,
				DB13013D1CB56984007BA381 /* EventKit.framework in Frameworks */,
				DB13013B1CB56979007BA381 /* CoreTelephony.framework in Frameworks */,
				DB1301391CB5696E007BA381 /* CoreMedia.framework in Frameworks */,
				DB1301371CB56968007BA381 /* CoreGraphics.framework in Frameworks */,
				DB1301351CB5695D007BA381 /* AVFoundation.framework in Frameworks */,
				DB1301331CB56958007BA381 /* AudioToolbox.framework in Frameworks */,
				DB1301311CB5694F007BA381 /* AdSupport.framework in Frameworks */,
				DB13012F1CB5692E007BA381 /* GoogleMobileAds.framework in Frameworks */,
			);
			runOnlyForDeploymentPostprocessing = 0;
		};
/* End PBXFrameworksBuildPhase section */

/* Begin PBXGroup section */
		DB1301031CB53AC7007BA381 = {
			isa = PBXGroup;
			children = (
				DB1301461CB569B0007BA381 /* SystemConfiguration.framework */,
				DB1301441CB569AA007BA381 /* StoreKit.framework */,
				DB1301421CB569A1007BA381 /* MessageUI.framework */,
				DB1301401CB5699C007BA381 /* MediaPlayer.framework */,
				DB13013E1CB56990007BA381 /* EventKitUI.framework */,
				DB13013C1CB56984007BA381 /* EventKit.framework */,
				DB13013A1CB56979007BA381 /* CoreTelephony.framework */,
				DB1301381CB5696E007BA381 /* CoreMedia.framework */,
				DB1301361CB56968007BA381 /* CoreGraphics.framework */,
				DB1301341CB5695D007BA381 /* AVFoundation.framework */,
				DB1301321CB56958007BA381 /* AudioToolbox.framework */,
				DB1301301CB5694F007BA381 /* AdSupport.framework */,
				DB13012E1CB5692E007BA381 /* GoogleMobileAds.framework */,
				DB13010E1CB53AC7007BA381 /* faces */,
				DB13010D1CB53AC7007BA381 /* Products */,
			);
			sourceTree = "<group>";
		};
		DB13010D1CB53AC7007BA381 /* Products */ = {
			isa = PBXGroup;
			children = (
				DB13010C1CB53AC7007BA381 /* faces.app */,
			);
			name = Products;
			sourceTree = "<group>";
		};
		DB13010E1CB53AC7007BA381 /* faces */ = {
			isa = PBXGroup;
			children = (
				DB13012C1CB55024007BA381 /* freeios7.com_apple_wallpaper_city-blur_iphone4.jpg */,
				DB1301261CB53BCB007BA381 /* Keyboard */,
				DB1301121CB53AC7007BA381 /* AppDelegate.h */,
				DB1301131CB53AC7007BA381 /* AppDelegate.m */,
				DB1301151CB53AC7007BA381 /* ViewController.h */,
				DB1301161CB53AC7007BA381 /* ViewController.m */,
				DB1301181CB53AC7007BA381 /* Main.storyboard */,
				DB13011B1CB53AC7007BA381 /* Assets.xcassets */,
				DB13011D1CB53AC7007BA381 /* LaunchScreen.storyboard */,
				DB1301201CB53AC7007BA381 /* Info.plist */,
				DB13010F1CB53AC7007BA381 /* Supporting Files */,
			);
			path = faces;
			sourceTree = "<group>";
		};
		DB13010F1CB53AC7007BA381 /* Supporting Files */ = {
			isa = PBXGroup;
			children = (
				DB1301101CB53AC7007BA381 /* main.m */,
			);
			name = "Supporting Files";
			sourceTree = "<group>";
		};
		DB1301261CB53BCB007BA381 /* Keyboard */ = {
			isa = PBXGroup;
			children = (
				DB1301291CB53C8F007BA381 /* FaceKey.h */,
				DB13012A1CB53C8F007BA381 /* FaceKey.m */,
			);
			name = Keyboard;
			sourceTree = "<group>";
		};
/* End PBXGroup section */

/* Begin PBXNativeTarget section */
		DB13010B1CB53AC7007BA381 /* faces */ = {
			isa = PBXNativeTarget;
			buildConfigurationList = DB1301231CB53AC7007BA381 /* Build configuration list for PBXNativeTarget "faces" */;
			buildPhases = (
				DB1301081CB53AC7007BA381 /* Sources */,
				DB1301091CB53AC7007BA381 /* Frameworks */,
				DB13010A1CB53AC7007BA381 /* Resources */,
			);
			buildRules = (
			);
			dependencies = (
			);
			name = faces;
			productName = faces;
			productReference = DB13010C1CB53AC7007BA381 /* faces.app */;
			productType = "com.apple.product-type.application";
		};
/* End PBXNativeTarget section */

/* Begin PBXProject section */
		DB1301041CB53AC7007BA381 /* Project object */ = {
			isa = PBXProject;
			attributes = {
				LastUpgradeCheck = 0730;
				ORGANIZATIONNAME = duyquang;
				TargetAttributes = {
					DB13010B1CB53AC7007BA381 = {
						CreatedOnToolsVersion = 7.3;
					};
				};
			};
			buildConfigurationList = DB1301071CB53AC7007BA381 /* Build configuration list for PBXProject "faces" */;
			compatibilityVersion = "Xcode 3.2";
			developmentRegion = English;
			hasScannedForEncodings = 0;
			knownRegions = (
				en,
				Base,
			);
			mainGroup = DB1301031CB53AC7007BA381;
			productRefGroup = DB13010D1CB53AC7007BA381 /* Products */;
			projectDirPath = "";
			projectRoot = "";
			targets = (
				DB13010B1CB53AC7007BA381 /* faces */,
			);
		};
/* End PBXProject section */

/* Begin PBXResourcesBuildPhase section */
		DB13010A1CB53AC7007BA381 /* Resources */ = {
			isa = PBXResourcesBuildPhase;
			buildActionMask = 2147483647;
			files = (
				DB13011F1CB53AC7007BA381 /* LaunchScreen.storyboard in Resources */,
				DB13011C1CB53AC7007BA381 /* Assets.xcassets in Resources */,
				DB13011A1CB53AC7007BA381 /* Main.storyboard in Resources */,
				DB13012D1CB55024007BA381 /* freeios7.com_apple_wallpaper_city-blur_iphone4.jpg in Resources */,
			);
			runOnlyForDeploymentPostprocessing = 0;
		};
/* End PBXResourcesBuildPhase section */

/* Begin PBXSourcesBuildPhase section */
		DB1301081CB53AC7007BA381 /* Sources */ = {
			isa = PBXSourcesBuildPhase;
			buildActionMask = 2147483647;
			files = (
				DB13012B1CB53C8F007BA381 /* FaceKey.m in Sources */,
				DB1301171CB53AC7007BA381 /* ViewController.m in Sources */,
				DB1301141CB53AC7007BA381 /* AppDelegate.m in Sources */,
				DB1301111CB53AC7007BA381 /* main.m in Sources */,
			);
			runOnlyForDeploymentPostprocessing = 0;
		};
/* End PBXSourcesBuildPhase section */

/* Begin PBXVariantGroup section */
		DB1301181CB53AC7007BA381 /* Main.storyboard */ = {
			isa = PBXVariantGroup;
			children = (
				DB1301191CB53AC7007BA381 /* Base */,
			);
			name = Main.storyboard;
			sourceTree = "<group>";
		};
		DB13011D1CB53AC7007BA381 /* LaunchScreen.storyboard */ = {
			isa = PBXVariantGroup;
			children = (
				DB13011E1CB53AC7007BA381 /* Base */,
			);
			name = LaunchScreen.storyboard;
			sourceTree = "<group>";
		};
/* End PBXVariantGroup section */

/* Begin XCBuildConfiguration section */
		DB1301211CB53AC7007BA381 /* Debug */ = {
			isa = XCBuildConfiguration;
			buildSettings = {
				ALWAYS_SEARCH_USER_PATHS = NO;
				CLANG_ANALYZER_NONNULL = YES;
				CLANG_CXX_LANGUAGE_STANDARD = "gnu++0x";
				CLANG_CXX_LIBRARY = "libc++";
				CLANG_ENABLE_MODULES = YES;
				CLANG_ENABLE_OBJC_ARC = YES;
				CLANG_WARN_BOOL_CONVERSION = YES;
				CLANG_WARN_CONSTANT_CONVERSION = YES;
				CLANG_WARN_DIRECT_OBJC_ISA_USAGE = YES_ERROR;
				CLANG_WARN_EMPTY_BODY = YES;
				CLANG_WARN_ENUM_CONVERSION = YES;
				CLANG_WARN_INT_CONVERSION = YES;
				CLANG_WARN_OBJC_ROOT_CLASS = YES_ERROR;
				CLANG_WARN_UNREACHABLE_CODE = YES;
				CLANG_WARN__DUPLICATE_METHOD_MATCH = YES;
				"CODE_SIGN_IDENTITY[sdk=iphoneos*]" = "iPhone Developer";
				COPY_PHASE_STRIP = NO;
				DEBUG_INFORMATION_FORMAT = dwarf;
				ENABLE_STRICT_OBJC_MSGSEND = YES;
				ENABLE_TESTABILITY = YES;
				GCC_C_LANGUAGE_STANDARD = gnu99;
				GCC_DYNAMIC_NO_PIC = NO;
				GCC_NO_COMMON_BLOCKS = YES;
				GCC_OPTIMIZATION_LEVEL = 0;
				GCC_PREPROCESSOR_DEFINITIONS = (
					"DEBUG=1",
					"$(inherited)",
				);
				GCC_WARN_64_TO_32_BIT_CONVERSION = YES;
				GCC_WARN_ABOUT_RETURN_TYPE = YES_ERROR;
				GCC_WARN_UNDECLARED_SELECTOR = YES;
				GCC_WARN_UNINITIALIZED_AUTOS = YES_AGGRESSIVE;
				GCC_WARN_UNUSED_FUNCTION = YES;
				GCC_WARN_UNUSED_VARIABLE = YES;
				IPHONEOS_DEPLOYMENT_TARGET = 9.3;
				MTL_ENABLE_DEBUG_INFO = YES;
				ONLY_ACTIVE_ARCH = YES;
				SDKROOT = iphoneos;
				TARGETED_DEVICE_FAMILY = "1,2";
			};
			name = Debug;
		};
		DB1301221CB53AC7007BA381 /* Release */ = {
			isa = XCBuildConfiguration;
			buildSettings = {
				ALWAYS_SEARCH_USER_PATHS = NO;
				CLANG_ANALYZER_NONNULL = YES;
				CLANG_CXX_LANGUAGE_STANDARD = "gnu++0x";
				CLANG_CXX_LIBRARY = "libc++";
				CLANG_ENABLE_MODULES = YES;
				CLANG_ENABLE_OBJC_ARC = YES;
				CLANG_WARN_BOOL_CONVERSION = YES;
				CLANG_WARN_CONSTANT_CONVERSION = YES;
				CLANG_WARN_DIRECT_OBJC_ISA_USAGE = YES_ERROR;
				CLANG_WARN_EMPTY_BODY = YES;
				CLANG_WARN_ENUM_CONVERSION = YES;
				CLANG_WARN_INT_CONVERSION = YES;
				CLANG_WARN_OBJC_ROOT_CLASS = YES_ERROR;
				CLANG_WARN_UNREACHABLE_CODE = YES;
				CLANG_WARN__DUPLICATE_METHOD_MATCH = YES;
				"CODE_SIGN_IDENTITY[sdk=iphoneos*]" = "iPhone Developer";
				COPY_PHASE_STRIP = NO;
				DEBUG_INFORMATION_FORMAT = "dwarf-with-dsym";
				ENABLE_NS_ASSERTIONS = NO;
				ENABLE_STRICT_OBJC_MSGSEND = YES;
				GCC_C_LANGUAGE_STANDARD = gnu99;
				GCC_NO_COMMON_BLOCKS = YES;
				GCC_WARN_64_TO_32_BIT_CONVERSION = YES;
				GCC_WARN_ABOUT_RETURN_TYPE = YES_ERROR;
				GCC_WARN_UNDECLARED_SELECTOR = YES;
				GCC_WARN_UNINITIALIZED_AUTOS = YES_AGGRESSIVE;
				GCC_WARN_UNUSED_FUNCTION = YES;
				GCC_WARN_UNUSED_VARIABLE = YES;
				IPHONEOS_DEPLOYMENT_TARGET = 9.3;
				MTL_ENABLE_DEBUG_INFO = NO;
				SDKROOT = iphoneos;
				TARGETED_DEVICE_FAMILY = "1,2";
				VALIDATE_PRODUCT = YES;
			};
			name = Release;
		};
		DB1301241CB53AC7007BA381 /* Debug */ = {
			isa = XCBuildConfiguration;
			buildSettings = {
				ASSETCATALOG_COMPILER_APPICON_NAME = AppIcon;
				FRAMEWORK_SEARCH_PATHS = (
					"$(inherited)",
					"$(PROJECT_DIR)",
				);
				INFOPLIST_FILE = faces/Info.plist;
				IPHONEOS_DEPLOYMENT_TARGET = 8.0;
				LD_RUNPATH_SEARCH_PATHS = "$(inherited) @executable_path/Frameworks";
				PRODUCT_BUNDLE_IDENTIFIER = com.duyquang.faces;
				PRODUCT_NAME = "$(TARGET_NAME)";
				TARGETED_DEVICE_FAMILY = 1;
			};
			name = Debug;
		};
		DB1301251CB53AC7007BA381 /* Release */ = {
			isa = XCBuildConfiguration;
			buildSettings = {
				ASSETCATALOG_COMPILER_APPICON_NAME = AppIcon;
				FRAMEWORK_SEARCH_PATHS = (
					"$(inherited)",
					"$(PROJECT_DIR)",
				);
				INFOPLIST_FILE = faces/Info.plist;
				IPHONEOS_DEPLOYMENT_TARGET = 8.0;
				LD_RUNPATH_SEARCH_PATHS = "$(inherited) @executable_path/Frameworks";
				PRODUCT_BUNDLE_IDENTIFIER = com.duyquang.faces;
				PRODUCT_NAME = "$(TARGET_NAME)";
				TARGETED_DEVICE_FAMILY = 1;
			};
			name = Release;
		};
/* End XCBuildConfiguration section */

/* Begin XCConfigurationList section */
		DB1301071CB53AC7007BA381 /* Build configuration list for PBXProject "faces" */ = {
			isa = XCConfigurationList;
			buildConfigurations = (
				DB1301211CB53AC7007BA381 /* Debug */,
				DB1301221CB53AC7007BA381 /* Release */,
			);
			defaultConfigurationIsVisible = 0;
			defaultConfigurationName = Release;
		};
		DB1301231CB53AC7007BA381 /* Build configuration list for PBXNativeTarget "faces" */ = {
			isa = XCConfigurationList;
			buildConfigurations = (
				DB1301241CB53AC7007BA381 /* Debug */,
				DB1301251CB53AC7007BA381 /* Release */,
			);
			defaultConfigurationIsVisible = 0;
			defaultConfigurationName = Release;
		};
/* End XCConfigurationList section */
	};
	rootObject = DB1301041CB53AC7007BA381 /* Project object */;
}
